<?xml version="1.0" encoding="UTF-8" standalone="yes" ?>
<CodeBlocks_project_file>
	<FileVersion major="1" minor="6" />
	<Project>
		<Option title="operacionContrareloj" />
		<Option pch_mode="2" />
		<Option compiler="gcc" />
		<Build>
			<Target title="Debug">
				<Option output="bin/Debug/operacionContrareloj" prefix_auto="1" extension_auto="1" />
				<Option object_output="obj/Debug/" />
				<Option type="1" />
				<Option compiler="gcc" />
				<Compiler>
					<Add option="-g" />
				</Compiler>
			</Target>
			<Target title="Release">
				<Option output="bin/Release/operacionContrareloj" prefix_auto="1" extension_auto="1" />
				<Option object_output="obj/Release/" />
				<Option type="1" />
				<Option compiler="gcc" />
				<Compiler>
					<Add option="-O2" />
				</Compiler>
				<Linker>
					<Add option="-s" />
				</Linker>
			</Target>
		</Build>
		<Compiler>
			<Add option="-Wall" />
		</Compiler>
		<Unit filename="asignacion_buques/buque_muelle.c">
			<Option compilerVar="CC" />
		</Unit>
		<Unit filename="asignacion_buques/buque_muelle.h" />
		<Unit filename="bibliotecas/nodo/nodo.h" />
		<Unit filename="bibliotecas/tdaColaDinamica/cola_dinamica.c">
			<Option compilerVar="CC" />
		</Unit>
		<Unit filename="bibliotecas/tdaColaDinamica/cola_dinamica.h" />
		<Unit filename="bibliotecas/tdaColaEstatica/tdaCola.c">
			<Option compilerVar="CC" />
		</Unit>
		<Unit filename="bibliotecas/tdaColaEstatica/tdaCola.h" />
		<Unit filename="bibliotecas/tdaListaDinamica/lista_dinamica.c">
			<Option compilerVar="CC" />
		</Unit>
		<Unit filename="bibliotecas/tdaListaDinamica/lista_dinamica.h" />
		<Unit filename="bibliotecas/tdaPilaDinamica/pila_dinamica.c">
			<Option compilerVar="CC" />
		</Unit>
		<Unit filename="bibliotecas/tdaPilaDinamica/pila_dinamica.h" />
		<Unit filename="bibliotecas/tdaPilaEstatica/tdaPila.c">
			<Option compilerVar="CC" />
		</Unit>
		<Unit filename="bibliotecas/tdaPilaEstatica/tdaPila.h" />
		<Unit filename="configuracion/configuracion.c">
			<Option compilerVar="CC" />
		</Unit>
		<Unit filename="configuracion/configuracion.h" />
		<Unit filename="funciones.c">
			<Option compilerVar="CC" />
		</Unit>
		<Unit filename="funciones.h" />
		<Unit filename="main.c">
			<Option compilerVar="CC" />
		</Unit>
		<Unit filename="operaciones/operaciones.c">
			<Option compilerVar="CC" />
		</Unit>
		<Unit filename="operaciones/operaciones.h" />
		<Extensions>
			<lib_finder disable_auto="1" />
		</Extensions>
	</Project>
</CodeBlocks_project_file>
